
Microsoft Visual Studio Solution File, Format Version 12.00
# Visual Studio Version 17
VisualStudioVersion = 17.13.35825.156 d17.13
MinimumVisualStudioVersion = 10.0.40219.1
Project("{FAE04EC0-301F-11D3-BF4B-00C04F79EFBC}") = "Waehrungsumrechner", "Waehrungsumrechner\Waehrungsumrechner.csproj", "{9E9AA7DE-665A-4F27-9F4C-4E338833B413}"
EndProject
Global
	GlobalSection(SolutionConfigurationPlatforms) = preSolution
		Debug|Any CPU = Debug|Any CPU
		Release|Any CPU = Release|Any CPU
	EndGlobalSection
	GlobalSection(ProjectConfigurationPlatforms) = postSolution
		{9E9AA7DE-665A-4F27-9F4C-4E338833B413}.Debug|Any CPU.ActiveCfg = Debug|Any CPU
		{9E9AA7DE-665A-4F27-9F4C-4E338833B413}.Debug|Any CPU.Build.0 = Debug|Any CPU
		{9E9AA7DE-665A-4F27-9F4C-4E338833B413}.Release|Any CPU.ActiveCfg = Release|Any CPU
		{9E9AA7DE-665A-4F27-9F4C-4E338833B413}.Release|Any CPU.Build.0 = Release|Any CPU
	EndGlobalSection
	GlobalSection(SolutionProperties) = preSolution
		HideSolutionNode = FALSE
	EndGlobalSection
	GlobalSection(ExtensibilityGlobals) = postSolution
		SolutionGuid = {C38ED69D-01B5-4490-8B73-00BA0F49A049}
	EndGlobalSection
EndGlobal
